
Microsoft Visual Studio Solution File, Format Version 12.00
# Visual Studio Version 17
VisualStudioVersion = 17.8.34330.188
MinimumVisualStudioVersion = 10.0.40219.1
Project("{FAE04EC0-301F-11D3-BF4B-00C04F79EFBC}") = "govnocod", "govnocod\govnocod.csproj", "{A51E7393-656F-4814-BD35-E808C983936B}"
EndProject
Global
	GlobalSection(SolutionConfigurationPlatforms) = preSolution
		Debug|Any CPU = Debug|Any CPU
		Release|Any CPU = Release|Any CPU
	EndGlobalSection
	GlobalSection(ProjectConfigurationPlatforms) = postSolution
		{A51E7393-656F-4814-BD35-E808C983936B}.Debug|Any CPU.ActiveCfg = Debug|Any CPU
		{A51E7393-656F-4814-BD35-E808C983936B}.Debug|Any CPU.Build.0 = Debug|Any CPU
		{A51E7393-656F-4814-BD35-E808C983936B}.Release|Any CPU.ActiveCfg = Release|Any CPU
		{A51E7393-656F-4814-BD35-E808C983936B}.Release|Any CPU.Build.0 = Release|Any CPU
	EndGlobalSection
	GlobalSection(SolutionProperties) = preSolution
		HideSolutionNode = FALSE
	EndGlobalSection
	GlobalSection(ExtensibilityGlobals) = postSolution
		SolutionGuid = {7FBF3150-6977-410E-9A75-ACB6B2874413}
	EndGlobalSection
EndGlobal
